
Microsoft Visual Studio Solution File, Format Version 12.00
# Visual Studio Version 16
VisualStudioVersion = 16.0.30011.22
MinimumVisualStudioVersion = 10.0.40219.1
Project("{8BC9CEB8-8B4A-11D0-8D11-00A0C91BC942}") = "server", "server\server.vcxproj", "{27A95082-9D6A-4A36-A79A-C38DB45F8CDF}"
EndProject
Global
	GlobalSection(SolutionConfigurationPlatforms) = preSolution
		Debug|x64 = Debug|x64
		Debug|x86 = Debug|x86
		Release|x64 = Release|x64
		Release|x86 = Release|x86
	EndGlobalSection
	GlobalSection(ProjectConfigurationPlatforms) = postSolution
		{27A95082-9D6A-4A36-A79A-C38DB45F8CDF}.Debug|x64.ActiveCfg = Debug|x64
		{27A95082-9D6A-4A36-A79A-C38DB45F8CDF}.Debug|x64.Build.0 = Debug|x64
		{27A95082-9D6A-4A36-A79A-C38DB45F8CDF}.Debug|x86.ActiveCfg = Debug|Win32
		{27A95082-9D6A-4A36-A79A-C38DB45F8CDF}.Debug|x86.Build.0 = Debug|Win32
		{27A95082-9D6A-4A36-A79A-C38DB45F8CDF}.Release|x64.ActiveCfg = Release|x64
		{27A95082-9D6A-4A36-A79A-C38DB45F8CDF}.Release|x64.Build.0 = Release|x64
		{27A95082-9D6A-4A36-A79A-C38DB45F8CDF}.Release|x86.ActiveCfg = Release|Win32
		{27A95082-9D6A-4A36-A79A-C38DB45F8CDF}.Release|x86.Build.0 = Release|Win32
	EndGlobalSection
	GlobalSection(SolutionProperties) = preSolution
		HideSolutionNode = FALSE
	EndGlobalSection
	GlobalSection(ExtensibilityGlobals) = postSolution
		SolutionGuid = {36C62FD9-E2B4-4DD2-B890-8D685FDEAA3F}
	EndGlobalSection
EndGlobal
